
Microsoft Visual Studio Solution File, Format Version 12.00
# Visual Studio Version 16
VisualStudioVersion = 16.0.31112.23
MinimumVisualStudioVersion = 10.0.40219.1
Project("{FAE04EC0-301F-11D3-BF4B-00C04F79EFBC}") = "Lab_16_3", "Lab_16_3\Lab_16_3.csproj", "{42A84DAC-7F10-4EDE-A451-8FE64C43322F}"
EndProject
Global
	GlobalSection(SolutionConfigurationPlatforms) = preSolution
		Debug|Any CPU = Debug|Any CPU
		Release|Any CPU = Release|Any CPU
	EndGlobalSection
	GlobalSection(ProjectConfigurationPlatforms) = postSolution
		{42A84DAC-7F10-4EDE-A451-8FE64C43322F}.Debug|Any CPU.ActiveCfg = Debug|Any CPU
		{42A84DAC-7F10-4EDE-A451-8FE64C43322F}.Debug|Any CPU.Build.0 = Debug|Any CPU
		{42A84DAC-7F10-4EDE-A451-8FE64C43322F}.Release|Any CPU.ActiveCfg = Release|Any CPU
		{42A84DAC-7F10-4EDE-A451-8FE64C43322F}.Release|Any CPU.Build.0 = Release|Any CPU
	EndGlobalSection
	GlobalSection(SolutionProperties) = preSolution
		HideSolutionNode = FALSE
	EndGlobalSection
	GlobalSection(ExtensibilityGlobals) = postSolution
		SolutionGuid = {E280A9D9-230B-469C-90C2-4DE474DCB715}
	EndGlobalSection
EndGlobal
