
Microsoft Visual Studio Solution File, Format Version 12.00
# Visual Studio Version 16
VisualStudioVersion = 16.0.31112.23
MinimumVisualStudioVersion = 10.0.40219.1
Project("{FAE04EC0-301F-11D3-BF4B-00C04F79EFBC}") = "Lab_16_2", "Lab_16_2\Lab_16_2.csproj", "{09BEDAB6-1309-4218-805E-FF9E743903BE}"
EndProject
Global
	GlobalSection(SolutionConfigurationPlatforms) = preSolution
		Debug|Any CPU = Debug|Any CPU
		Release|Any CPU = Release|Any CPU
	EndGlobalSection
	GlobalSection(ProjectConfigurationPlatforms) = postSolution
		{09BEDAB6-1309-4218-805E-FF9E743903BE}.Debug|Any CPU.ActiveCfg = Debug|Any CPU
		{09BEDAB6-1309-4218-805E-FF9E743903BE}.Debug|Any CPU.Build.0 = Debug|Any CPU
		{09BEDAB6-1309-4218-805E-FF9E743903BE}.Release|Any CPU.ActiveCfg = Release|Any CPU
		{09BEDAB6-1309-4218-805E-FF9E743903BE}.Release|Any CPU.Build.0 = Release|Any CPU
	EndGlobalSection
	GlobalSection(SolutionProperties) = preSolution
		HideSolutionNode = FALSE
	EndGlobalSection
	GlobalSection(ExtensibilityGlobals) = postSolution
		SolutionGuid = {7C532AB1-C5E0-45B2-A9BD-FB4285225721}
	EndGlobalSection
EndGlobal
