
Microsoft Visual Studio Solution File, Format Version 12.00
# Visual Studio Version 16
VisualStudioVersion = 16.0.31112.23
MinimumVisualStudioVersion = 10.0.40219.1
Project("{9A19103F-16F7-4668-BE54-9A1E7A4F7556}") = "Lab_7_cs", "Lab_7_cs\Lab_7_cs.csproj", "{8B69F58E-83C0-4E32-BC29-44E7863E34F3}"
EndProject
Project("{FAE04EC0-301F-11D3-BF4B-00C04F79EFBC}") = "Task 2", "Task 2\Task 2.csproj", "{30D837DC-6741-48FE-B24F-FA312F251953}"
EndProject
Project("{FAE04EC0-301F-11D3-BF4B-00C04F79EFBC}") = "Task 3", "Task 3\Task 3.csproj", "{FD973371-ABDA-4E82-8951-91F8B025F024}"
EndProject
Global
	GlobalSection(SolutionConfigurationPlatforms) = preSolution
		Debug|Any CPU = Debug|Any CPU
		Release|Any CPU = Release|Any CPU
	EndGlobalSection
	GlobalSection(ProjectConfigurationPlatforms) = postSolution
		{8B69F58E-83C0-4E32-BC29-44E7863E34F3}.Debug|Any CPU.ActiveCfg = Debug|Any CPU
		{8B69F58E-83C0-4E32-BC29-44E7863E34F3}.Debug|Any CPU.Build.0 = Debug|Any CPU
		{8B69F58E-83C0-4E32-BC29-44E7863E34F3}.Release|Any CPU.ActiveCfg = Release|Any CPU
		{8B69F58E-83C0-4E32-BC29-44E7863E34F3}.Release|Any CPU.Build.0 = Release|Any CPU
		{30D837DC-6741-48FE-B24F-FA312F251953}.Debug|Any CPU.ActiveCfg = Debug|Any CPU
		{30D837DC-6741-48FE-B24F-FA312F251953}.Debug|Any CPU.Build.0 = Debug|Any CPU
		{30D837DC-6741-48FE-B24F-FA312F251953}.Release|Any CPU.ActiveCfg = Release|Any CPU
		{30D837DC-6741-48FE-B24F-FA312F251953}.Release|Any CPU.Build.0 = Release|Any CPU
		{FD973371-ABDA-4E82-8951-91F8B025F024}.Debug|Any CPU.ActiveCfg = Debug|Any CPU
		{FD973371-ABDA-4E82-8951-91F8B025F024}.Debug|Any CPU.Build.0 = Debug|Any CPU
		{FD973371-ABDA-4E82-8951-91F8B025F024}.Release|Any CPU.ActiveCfg = Release|Any CPU
		{FD973371-ABDA-4E82-8951-91F8B025F024}.Release|Any CPU.Build.0 = Release|Any CPU
	EndGlobalSection
	GlobalSection(SolutionProperties) = preSolution
		HideSolutionNode = FALSE
	EndGlobalSection
	GlobalSection(ExtensibilityGlobals) = postSolution
		SolutionGuid = {6282BA80-CD97-41B6-B617-D9AFDCE77E25}
	EndGlobalSection
EndGlobal
